
Microsoft Visual Studio Solution File, Format Version 12.00
# Visual Studio 15
VisualStudioVersion = 15.0.28307.572
MinimumVisualStudioVersion = 10.0.40219.1
Project("{FAE04EC0-301F-11D3-BF4B-00C04F79EFBC}") = "Guru99", "Guru99\Guru99.csproj", "{27848E60-2AC9-4212-A03F-5CE6E69DA8BF}"
EndProject
Global
	GlobalSection(SolutionConfigurationPlatforms) = preSolution
		Debug|Any CPU = Debug|Any CPU
		Release|Any CPU = Release|Any CPU
	EndGlobalSection
	GlobalSection(ProjectConfigurationPlatforms) = postSolution
		{27848E60-2AC9-4212-A03F-5CE6E69DA8BF}.Debug|Any CPU.ActiveCfg = Debug|Any CPU
		{27848E60-2AC9-4212-A03F-5CE6E69DA8BF}.Debug|Any CPU.Build.0 = Debug|Any CPU
		{27848E60-2AC9-4212-A03F-5CE6E69DA8BF}.Release|Any CPU.ActiveCfg = Release|Any CPU
		{27848E60-2AC9-4212-A03F-5CE6E69DA8BF}.Release|Any CPU.Build.0 = Release|Any CPU
	EndGlobalSection
	GlobalSection(SolutionProperties) = preSolution
		HideSolutionNode = FALSE
	EndGlobalSection
	GlobalSection(ExtensibilityGlobals) = postSolution
		SolutionGuid = {1DD034A9-4EF4-426D-BD07-2FF6FDBDEF0B}
	EndGlobalSection
EndGlobal
